// !$*UTF8*$!
{
	archiveVersion = 1;
	classes = {
	};
	objectVersion = 56;
	objects = {

/* Begin PBXBuildFile section */
		457FDBEF2919ABD10095997C /* DatabaseManager.swift in Sources */ = {isa = PBXBuildFile; fileRef = 457FDBEE2919ABD10095997C /* DatabaseManager.swift */; };
		457FDBF12919ADD30095997C /* AuthManager.swift in Sources */ = {isa = PBXBuildFile; fileRef = 457FDBF02919ADD30095997C /* AuthManager.swift */; };
		457FDBF32919AE660095997C /* StorageManager.swift in Sources */ = {isa = PBXBuildFile; fileRef = 457FDBF22919AE660095997C /* StorageManager.swift */; };
		45A0FBB429194AA400F4F0F9 /* AppDelegate.swift in Sources */ = {isa = PBXBuildFile; fileRef = 45A0FBB329194AA400F4F0F9 /* AppDelegate.swift */; };
		45A0FBB629194AA400F4F0F9 /* SceneDelegate.swift in Sources */ = {isa = PBXBuildFile; fileRef = 45A0FBB529194AA400F4F0F9 /* SceneDelegate.swift */; };
		45A0FBB829194AA400F4F0F9 /* HomeViewController.swift in Sources */ = {isa = PBXBuildFile; fileRef = 45A0FBB729194AA400F4F0F9 /* HomeViewController.swift */; };
		45A0FBBB29194AA400F4F0F9 /* Main.storyboard in Resources */ = {isa = PBXBuildFile; fileRef = 45A0FBB929194AA400F4F0F9 /* Main.storyboard */; };
		45A0FBBD29194AA500F4F0F9 /* Assets.xcassets in Resources */ = {isa = PBXBuildFile; fileRef = 45A0FBBC29194AA500F4F0F9 /* Assets.xcassets */; };
		45A0FBC029194AA500F4F0F9 /* LaunchScreen.storyboard in Resources */ = {isa = PBXBuildFile; fileRef = 45A0FBBE29194AA500F4F0F9 /* LaunchScreen.storyboard */; };
		45A0FBCD29195A8100F4F0F9 /* ExploreViewController.swift in Sources */ = {isa = PBXBuildFile; fileRef = 45A0FBCC29195A8100F4F0F9 /* ExploreViewController.swift */; };
		45A0FBCF29195B2200F4F0F9 /* CameraViewController.swift in Sources */ = {isa = PBXBuildFile; fileRef = 45A0FBCE29195B2200F4F0F9 /* CameraViewController.swift */; };
		45A0FBD129195BA300F4F0F9 /* NotificationsViewController.swift in Sources */ = {isa = PBXBuildFile; fileRef = 45A0FBD029195BA300F4F0F9 /* NotificationsViewController.swift */; };
		45A0FBD329195BDD00F4F0F9 /* ProfileViewController.swift in Sources */ = {isa = PBXBuildFile; fileRef = 45A0FBD229195BDD00F4F0F9 /* ProfileViewController.swift */; };
		45A0FBD829195D3500F4F0F9 /* LoginViewController.swift in Sources */ = {isa = PBXBuildFile; fileRef = 45A0FBD729195D3500F4F0F9 /* LoginViewController.swift */; };
		45A0FBDA29195D5400F4F0F9 /* RegistrationViewController.swift in Sources */ = {isa = PBXBuildFile; fileRef = 45A0FBD929195D5400F4F0F9 /* RegistrationViewController.swift */; };
		45A0FBDC29195DAC00F4F0F9 /* PostViewController.swift in Sources */ = {isa = PBXBuildFile; fileRef = 45A0FBDB29195DAC00F4F0F9 /* PostViewController.swift */; };
		45A0FBDE29195E4700F4F0F9 /* EditProfileViewController.swift in Sources */ = {isa = PBXBuildFile; fileRef = 45A0FBDD29195E4700F4F0F9 /* EditProfileViewController.swift */; };
		45A0FBE029195E9100F4F0F9 /* SettingsViewController.swift in Sources */ = {isa = PBXBuildFile; fileRef = 45A0FBDF29195E9100F4F0F9 /* SettingsViewController.swift */; };
		45A0FBE229195ECC00F4F0F9 /* ListViewController.swift in Sources */ = {isa = PBXBuildFile; fileRef = 45A0FBE129195ECC00F4F0F9 /* ListViewController.swift */; };
		45A0FBE429195F0200F4F0F9 /* SearchViewController.swift in Sources */ = {isa = PBXBuildFile; fileRef = 45A0FBE329195F0200F4F0F9 /* SearchViewController.swift */; };
		45A0FBE629195F3300F4F0F9 /* SearchResultViewController.swift in Sources */ = {isa = PBXBuildFile; fileRef = 45A0FBE529195F3300F4F0F9 /* SearchResultViewController.swift */; };
		45A0FBE829195FC900F4F0F9 /* PostEditorViewController.swift in Sources */ = {isa = PBXBuildFile; fileRef = 45A0FBE729195FC900F4F0F9 /* PostEditorViewController.swift */; };
		45A0FBEA2919600700F4F0F9 /* PublishPostViewController.swift in Sources */ = {isa = PBXBuildFile; fileRef = 45A0FBE92919600700F4F0F9 /* PublishPostViewController.swift */; };
		45A0FBEC291985DE00F4F0F9 /* GoogleService-Info.plist in Resources */ = {isa = PBXBuildFile; fileRef = 45A0FBEB291985DE00F4F0F9 /* GoogleService-Info.plist */; };
		89AE3A1E3DA4B1EA6C4BD608 /* Pods_ParfotekaApp.framework in Frameworks */ = {isa = PBXBuildFile; fileRef = 3510632C1852C199F45EE573 /* Pods_ParfotekaApp.framework */; };
/* End PBXBuildFile section */

/* Begin PBXFileReference section */
		11D7F2AA2B9FF51640E0D310 /* Pods-ParfotekaApp.release.xcconfig */ = {isa = PBXFileReference; includeInIndex = 1; lastKnownFileType = text.xcconfig; name = "Pods-ParfotekaApp.release.xcconfig"; path = "Target Support Files/Pods-ParfotekaApp/Pods-ParfotekaApp.release.xcconfig"; sourceTree = "<group>"; };
		3510632C1852C199F45EE573 /* Pods_ParfotekaApp.framework */ = {isa = PBXFileReference; explicitFileType = wrapper.framework; includeInIndex = 0; path = Pods_ParfotekaApp.framework; sourceTree = BUILT_PRODUCTS_DIR; };
		457FDBEE2919ABD10095997C /* DatabaseManager.swift */ = {isa = PBXFileReference; lastKnownFileType = sourcecode.swift; path = DatabaseManager.swift; sourceTree = "<group>"; };
		457FDBF02919ADD30095997C /* AuthManager.swift */ = {isa = PBXFileReference; lastKnownFileType = sourcecode.swift; path = AuthManager.swift; sourceTree = "<group>"; };
		457FDBF22919AE660095997C /* StorageManager.swift */ = {isa = PBXFileReference; lastKnownFileType = sourcecode.swift; path = StorageManager.swift; sourceTree = "<group>"; };
		45A0FBB029194AA400F4F0F9 /* ParfotekaApp.app */ = {isa = PBXFileReference; explicitFileType = wrapper.application; includeInIndex = 0; path = ParfotekaApp.app; sourceTree = BUILT_PRODUCTS_DIR; };
		45A0FBB329194AA400F4F0F9 /* AppDelegate.swift */ = {isa = PBXFileReference; lastKnownFileType = sourcecode.swift; path = AppDelegate.swift; sourceTree = "<group>"; };
		45A0FBB529194AA400F4F0F9 /* SceneDelegate.swift */ = {isa = PBXFileReference; lastKnownFileType = sourcecode.swift; path = SceneDelegate.swift; sourceTree = "<group>"; };
		45A0FBB729194AA400F4F0F9 /* HomeViewController.swift */ = {isa = PBXFileReference; lastKnownFileType = sourcecode.swift; path = HomeViewController.swift; sourceTree = "<group>"; };
		45A0FBBA29194AA400F4F0F9 /* Base */ = {isa = PBXFileReference; lastKnownFileType = file.storyboard; name = Base; path = Base.lproj/Main.storyboard; sourceTree = "<group>"; };
		45A0FBBC29194AA500F4F0F9 /* Assets.xcassets */ = {isa = PBXFileReference; lastKnownFileType = folder.assetcatalog; path = Assets.xcassets; sourceTree = "<group>"; };
		45A0FBBF29194AA500F4F0F9 /* Base */ = {isa = PBXFileReference; lastKnownFileType = file.storyboard; name = Base; path = Base.lproj/LaunchScreen.storyboard; sourceTree = "<group>"; };
		45A0FBC129194AA500F4F0F9 /* Info.plist */ = {isa = PBXFileReference; lastKnownFileType = text.plist.xml; path = Info.plist; sourceTree = "<group>"; };
		45A0FBCC29195A8100F4F0F9 /* ExploreViewController.swift */ = {isa = PBXFileReference; lastKnownFileType = sourcecode.swift; path = ExploreViewController.swift; sourceTree = "<group>"; };
		45A0FBCE29195B2200F4F0F9 /* CameraViewController.swift */ = {isa = PBXFileReference; lastKnownFileType = sourcecode.swift; path = CameraViewController.swift; sourceTree = "<group>"; };
		45A0FBD029195BA300F4F0F9 /* NotificationsViewController.swift */ = {isa = PBXFileReference; lastKnownFileType = sourcecode.swift; path = NotificationsViewController.swift; sourceTree = "<group>"; };
		45A0FBD229195BDD00F4F0F9 /* ProfileViewController.swift */ = {isa = PBXFileReference; lastKnownFileType = sourcecode.swift; path = ProfileViewController.swift; sourceTree = "<group>"; };
		45A0FBD729195D3500F4F0F9 /* LoginViewController.swift */ = {isa = PBXFileReference; lastKnownFileType = sourcecode.swift; path = LoginViewController.swift; sourceTree = "<group>"; };
		45A0FBD929195D5400F4F0F9 /* RegistrationViewController.swift */ = {isa = PBXFileReference; lastKnownFileType = sourcecode.swift; path = RegistrationViewController.swift; sourceTree = "<group>"; };
		45A0FBDB29195DAC00F4F0F9 /* PostViewController.swift */ = {isa = PBXFileReference; lastKnownFileType = sourcecode.swift; path = PostViewController.swift; sourceTree = "<group>"; };
		45A0FBDD29195E4700F4F0F9 /* EditProfileViewController.swift */ = {isa = PBXFileReference; lastKnownFileType = sourcecode.swift; path = EditProfileViewController.swift; sourceTree = "<group>"; };
		45A0FBDF29195E9100F4F0F9 /* SettingsViewController.swift */ = {isa = PBXFileReference; lastKnownFileType = sourcecode.swift; path = SettingsViewController.swift; sourceTree = "<group>"; };
		45A0FBE129195ECC00F4F0F9 /* ListViewController.swift */ = {isa = PBXFileReference; lastKnownFileType = sourcecode.swift; path = ListViewController.swift; sourceTree = "<group>"; };
		45A0FBE329195F0200F4F0F9 /* SearchViewController.swift */ = {isa = PBXFileReference; lastKnownFileType = sourcecode.swift; path = SearchViewController.swift; sourceTree = "<group>"; };
		45A0FBE529195F3300F4F0F9 /* SearchResultViewController.swift */ = {isa = PBXFileReference; lastKnownFileType = sourcecode.swift; path = SearchResultViewController.swift; sourceTree = "<group>"; };
		45A0FBE729195FC900F4F0F9 /* PostEditorViewController.swift */ = {isa = PBXFileReference; lastKnownFileType = sourcecode.swift; path = PostEditorViewController.swift; sourceTree = "<group>"; };
		45A0FBE92919600700F4F0F9 /* PublishPostViewController.swift */ = {isa = PBXFileReference; lastKnownFileType = sourcecode.swift; path = PublishPostViewController.swift; sourceTree = "<group>"; };
		45A0FBEB291985DE00F4F0F9 /* GoogleService-Info.plist */ = {isa = PBXFileReference; fileEncoding = 4; lastKnownFileType = text.plist.xml; path = "GoogleService-Info.plist"; sourceTree = "<group>"; };
		9052752631749DD0B36A629D /* Pods-ParfotekaApp.debug.xcconfig */ = {isa = PBXFileReference; includeInIndex = 1; lastKnownFileType = text.xcconfig; name = "Pods-ParfotekaApp.debug.xcconfig"; path = "Target Support Files/Pods-ParfotekaApp/Pods-ParfotekaApp.debug.xcconfig"; sourceTree = "<group>"; };
/* End PBXFileReference section */

/* Begin PBXFrameworksBuildPhase section */
		45A0FBAD29194AA400F4F0F9 /* Frameworks */ = {
			isa = PBXFrameworksBuildPhase;
			buildActionMask = 2147483647;
			files = (
				89AE3A1E3DA4B1EA6C4BD608 /* Pods_ParfotekaApp.framework in Frameworks */,
			);
			runOnlyForDeploymentPostprocessing = 0;
		};
/* End PBXFrameworksBuildPhase section */

/* Begin PBXGroup section */
		0AA31D15389FD11086A1CCF3 /* Frameworks */ = {
			isa = PBXGroup;
			children = (
				3510632C1852C199F45EE573 /* Pods_ParfotekaApp.framework */,
			);
			name = Frameworks;
			sourceTree = "<group>";
		};
		457FDBED2919AA950095997C /* General */ = {
			isa = PBXGroup;
			children = (
				45A0FBDB29195DAC00F4F0F9 /* PostViewController.swift */,
				45A0FBDD29195E4700F4F0F9 /* EditProfileViewController.swift */,
				45A0FBDF29195E9100F4F0F9 /* SettingsViewController.swift */,
				45A0FBE129195ECC00F4F0F9 /* ListViewController.swift */,
				45A0FBE329195F0200F4F0F9 /* SearchViewController.swift */,
				45A0FBE529195F3300F4F0F9 /* SearchResultViewController.swift */,
				45A0FBE729195FC900F4F0F9 /* PostEditorViewController.swift */,
				45A0FBE92919600700F4F0F9 /* PublishPostViewController.swift */,
			);
			path = General;
			sourceTree = "<group>";
		};
		45A0FBA729194AA400F4F0F9 = {
			isa = PBXGroup;
			children = (
				45A0FBB229194AA400F4F0F9 /* ParfotekaApp */,
				45A0FBB129194AA400F4F0F9 /* Products */,
				CC50623D4A5F8CD0EDDC2B29 /* Pods */,
				0AA31D15389FD11086A1CCF3 /* Frameworks */,
			);
			sourceTree = "<group>";
		};
		45A0FBB129194AA400F4F0F9 /* Products */ = {
			isa = PBXGroup;
			children = (
				45A0FBB029194AA400F4F0F9 /* ParfotekaApp.app */,
			);
			name = Products;
			sourceTree = "<group>";
		};
		45A0FBB229194AA400F4F0F9 /* ParfotekaApp */ = {
			isa = PBXGroup;
			children = (
				45A0FBCA2919569400F4F0F9 /* Resources */,
				45A0FBC92919567300F4F0F9 /* Models */,
				45A0FBC82919565700F4F0F9 /* Views */,
				45A0FBC72919561B00F4F0F9 /* Controllers */,
				45A0FBC129194AA500F4F0F9 /* Info.plist */,
			);
			path = ParfotekaApp;
			sourceTree = "<group>";
		};
		45A0FBC72919561B00F4F0F9 /* Controllers */ = {
			isa = PBXGroup;
			children = (
				45A0FBD529195CE900F4F0F9 /* Other */,
				45A0FBD429195C3800F4F0F9 /* Core Tabs */,
			);
			path = Controllers;
			sourceTree = "<group>";
		};
		45A0FBC82919565700F4F0F9 /* Views */ = {
			isa = PBXGroup;
			children = (
				45A0FBCB2919580B00F4F0F9 /* Storyboards */,
				45A0FBBC29194AA500F4F0F9 /* Assets.xcassets */,
			);
			path = Views;
			sourceTree = "<group>";
		};
		45A0FBC92919567300F4F0F9 /* Models */ = {
			isa = PBXGroup;
			children = (
			);
			path = Models;
			sourceTree = "<group>";
		};
		45A0FBCA2919569400F4F0F9 /* Resources */ = {
			isa = PBXGroup;
			children = (
				45A0FBB329194AA400F4F0F9 /* AppDelegate.swift */,
				45A0FBB529194AA400F4F0F9 /* SceneDelegate.swift */,
				45A0FBEB291985DE00F4F0F9 /* GoogleService-Info.plist */,
				457FDBEE2919ABD10095997C /* DatabaseManager.swift */,
				457FDBF02919ADD30095997C /* AuthManager.swift */,
				457FDBF22919AE660095997C /* StorageManager.swift */,
			);
			path = Resources;
			sourceTree = "<group>";
		};
		45A0FBCB2919580B00F4F0F9 /* Storyboards */ = {
			isa = PBXGroup;
			children = (
				45A0FBB929194AA400F4F0F9 /* Main.storyboard */,
				45A0FBBE29194AA500F4F0F9 /* LaunchScreen.storyboard */,
			);
			path = Storyboards;
			sourceTree = "<group>";
		};
		45A0FBD429195C3800F4F0F9 /* Core Tabs */ = {
			isa = PBXGroup;
			children = (
				45A0FBB729194AA400F4F0F9 /* HomeViewController.swift */,
				45A0FBCC29195A8100F4F0F9 /* ExploreViewController.swift */,
				45A0FBCE29195B2200F4F0F9 /* CameraViewController.swift */,
				45A0FBD029195BA300F4F0F9 /* NotificationsViewController.swift */,
				45A0FBD229195BDD00F4F0F9 /* ProfileViewController.swift */,
			);
			path = "Core Tabs";
			sourceTree = "<group>";
		};
		45A0FBD529195CE900F4F0F9 /* Other */ = {
			isa = PBXGroup;
			children = (
				45A0FBD629195CFB00F4F0F9 /* Onboarding */,
				457FDBED2919AA950095997C /* General */,
			);
			path = Other;
			sourceTree = "<group>";
		};
		45A0FBD629195CFB00F4F0F9 /* Onboarding */ = {
			isa = PBXGroup;
			children = (
				45A0FBD729195D3500F4F0F9 /* LoginViewController.swift */,
				45A0FBD929195D5400F4F0F9 /* RegistrationViewController.swift */,
			);
			path = Onboarding;
			sourceTree = "<group>";
		};
		CC50623D4A5F8CD0EDDC2B29 /* Pods */ = {
			isa = PBXGroup;
			children = (
				9052752631749DD0B36A629D /* Pods-ParfotekaApp.debug.xcconfig */,
				11D7F2AA2B9FF51640E0D310 /* Pods-ParfotekaApp.release.xcconfig */,
			);
			path = Pods;
			sourceTree = "<group>";
		};
/* End PBXGroup section */

/* Begin PBXNativeTarget section */
		45A0FBAF29194AA400F4F0F9 /* ParfotekaApp */ = {
			isa = PBXNativeTarget;
			buildConfigurationList = 45A0FBC429194AA500F4F0F9 /* Build configuration list for PBXNativeTarget "ParfotekaApp" */;
			buildPhases = (
				9C8C2B4132AE0BDACE254E5A /* [CP] Check Pods Manifest.lock */,
				45A0FBAC29194AA400F4F0F9 /* Sources */,
				45A0FBAD29194AA400F4F0F9 /* Frameworks */,
				45A0FBAE29194AA400F4F0F9 /* Resources */,
				6093CC59A23FA8FAEA788FE7 /* [CP] Embed Pods Frameworks */,
			);
			buildRules = (
			);
			dependencies = (
			);
			name = ParfotekaApp;
			productName = ParfotekaApp;
			productReference = 45A0FBB029194AA400F4F0F9 /* ParfotekaApp.app */;
			productType = "com.apple.product-type.application";
		};
/* End PBXNativeTarget section */

/* Begin PBXProject section */
		45A0FBA829194AA400F4F0F9 /* Project object */ = {
			isa = PBXProject;
			attributes = {
				BuildIndependentTargetsInParallel = 1;
				LastSwiftUpdateCheck = 1410;
				LastUpgradeCheck = 1410;
				TargetAttributes = {
					45A0FBAF29194AA400F4F0F9 = {
						CreatedOnToolsVersion = 14.1;
					};
				};
			};
			buildConfigurationList = 45A0FBAB29194AA400F4F0F9 /* Build configuration list for PBXProject "ParfotekaApp" */;
			compatibilityVersion = "Xcode 14.0";
			developmentRegion = en;
			hasScannedForEncodings = 0;
			knownRegions = (
				en,
				Base,
			);
			mainGroup = 45A0FBA729194AA400F4F0F9;
			productRefGroup = 45A0FBB129194AA400F4F0F9 /* Products */;
			projectDirPath = "";
			projectRoot = "";
			targets = (
				45A0FBAF29194AA400F4F0F9 /* ParfotekaApp */,
			);
		};
/* End PBXProject section */

/* Begin PBXResourcesBuildPhase section */
		45A0FBAE29194AA400F4F0F9 /* Resources */ = {
			isa = PBXResourcesBuildPhase;
			buildActionMask = 2147483647;
			files = (
				45A0FBC029194AA500F4F0F9 /* LaunchScreen.storyboard in Resources */,
				45A0FBEC291985DE00F4F0F9 /* GoogleService-Info.plist in Resources */,
				45A0FBBD29194AA500F4F0F9 /* Assets.xcassets in Resources */,
				45A0FBBB29194AA400F4F0F9 /* Main.storyboard in Resources */,
			);
			runOnlyForDeploymentPostprocessing = 0;
		};
/* End PBXResourcesBuildPhase section */

/* Begin PBXShellScriptBuildPhase section */
		6093CC59A23FA8FAEA788FE7 /* [CP] Embed Pods Frameworks */ = {
			isa = PBXShellScriptBuildPhase;
			buildActionMask = 2147483647;
			files = (
			);
			inputFileListPaths = (
				"${PODS_ROOT}/Target Support Files/Pods-ParfotekaApp/Pods-ParfotekaApp-frameworks-${CONFIGURATION}-input-files.xcfilelist",
			);
			name = "[CP] Embed Pods Frameworks";
			outputFileListPaths = (
				"${PODS_ROOT}/Target Support Files/Pods-ParfotekaApp/Pods-ParfotekaApp-frameworks-${CONFIGURATION}-output-files.xcfilelist",
			);
			runOnlyForDeploymentPostprocessing = 0;
			shellPath = /bin/sh;
			shellScript = "\"${PODS_ROOT}/Target Support Files/Pods-ParfotekaApp/Pods-ParfotekaApp-frameworks.sh\"\n";
			showEnvVarsInLog = 0;
		};
		9C8C2B4132AE0BDACE254E5A /* [CP] Check Pods Manifest.lock */ = {
			isa = PBXShellScriptBuildPhase;
			buildActionMask = 2147483647;
			files = (
			);
			inputFileListPaths = (
			);
			inputPaths = (
				"${PODS_PODFILE_DIR_PATH}/Podfile.lock",
				"${PODS_ROOT}/Manifest.lock",
			);
			name = "[CP] Check Pods Manifest.lock";
			outputFileListPaths = (
			);
			outputPaths = (
				"$(DERIVED_FILE_DIR)/Pods-ParfotekaApp-checkManifestLockResult.txt",
			);
			runOnlyForDeploymentPostprocessing = 0;
			shellPath = /bin/sh;
			shellScript = "diff \"${PODS_PODFILE_DIR_PATH}/Podfile.lock\" \"${PODS_ROOT}/Manifest.lock\" > /dev/null\nif [ $? != 0 ] ; then\n    # print error to STDERR\n    echo \"error: The sandbox is not in sync with the Podfile.lock. Run 'pod install' or update your CocoaPods installation.\" >&2\n    exit 1\nfi\n# This output is used by Xcode 'outputs' to avoid re-running this script phase.\necho \"SUCCESS\" > \"${SCRIPT_OUTPUT_FILE_0}\"\n";
			showEnvVarsInLog = 0;
		};
/* End PBXShellScriptBuildPhase section */

/* Begin PBXSourcesBuildPhase section */
		45A0FBAC29194AA400F4F0F9 /* Sources */ = {
			isa = PBXSourcesBuildPhase;
			buildActionMask = 2147483647;
			files = (
				45A0FBDE29195E4700F4F0F9 /* EditProfileViewController.swift in Sources */,
				45A0FBCD29195A8100F4F0F9 /* ExploreViewController.swift in Sources */,
				45A0FBEA2919600700F4F0F9 /* PublishPostViewController.swift in Sources */,
				45A0FBCF29195B2200F4F0F9 /* CameraViewController.swift in Sources */,
				45A0FBB829194AA400F4F0F9 /* HomeViewController.swift in Sources */,
				45A0FBDA29195D5400F4F0F9 /* RegistrationViewController.swift in Sources */,
				45A0FBE829195FC900F4F0F9 /* PostEditorViewController.swift in Sources */,
				457FDBF32919AE660095997C /* StorageManager.swift in Sources */,
				45A0FBDC29195DAC00F4F0F9 /* PostViewController.swift in Sources */,
				457FDBEF2919ABD10095997C /* DatabaseManager.swift in Sources */,
				45A0FBD129195BA300F4F0F9 /* NotificationsViewController.swift in Sources */,
				45A0FBE629195F3300F4F0F9 /* SearchResultViewController.swift in Sources */,
				45A0FBD829195D3500F4F0F9 /* LoginViewController.swift in Sources */,
				45A0FBE429195F0200F4F0F9 /* SearchViewController.swift in Sources */,
				45A0FBD329195BDD00F4F0F9 /* ProfileViewController.swift in Sources */,
				457FDBF12919ADD30095997C /* AuthManager.swift in Sources */,
				45A0FBB429194AA400F4F0F9 /* AppDelegate.swift in Sources */,
				45A0FBB629194AA400F4F0F9 /* SceneDelegate.swift in Sources */,
				45A0FBE229195ECC00F4F0F9 /* ListViewController.swift in Sources */,
				45A0FBE029195E9100F4F0F9 /* SettingsViewController.swift in Sources */,
			);
			runOnlyForDeploymentPostprocessing = 0;
		};
/* End PBXSourcesBuildPhase section */

/* Begin PBXVariantGroup section */
		45A0FBB929194AA400F4F0F9 /* Main.storyboard */ = {
			isa = PBXVariantGroup;
			children = (
				45A0FBBA29194AA400F4F0F9 /* Base */,
			);
			name = Main.storyboard;
			sourceTree = "<group>";
		};
		45A0FBBE29194AA500F4F0F9 /* LaunchScreen.storyboard */ = {
			isa = PBXVariantGroup;
			children = (
				45A0FBBF29194AA500F4F0F9 /* Base */,
			);
			name = LaunchScreen.storyboard;
			sourceTree = "<group>";
		};
/* End PBXVariantGroup section */

/* Begin XCBuildConfiguration section */
		45A0FBC229194AA500F4F0F9 /* Debug */ = {
			isa = XCBuildConfiguration;
			buildSettings = {
				ALWAYS_SEARCH_USER_PATHS = NO;
				CLANG_ANALYZER_NONNULL = YES;
				CLANG_ANALYZER_NUMBER_OBJECT_CONVERSION = YES_AGGRESSIVE;
				CLANG_CXX_LANGUAGE_STANDARD = "gnu++20";
				CLANG_ENABLE_MODULES = YES;
				CLANG_ENABLE_OBJC_ARC = YES;
				CLANG_ENABLE_OBJC_WEAK = YES;
				CLANG_WARN_BLOCK_CAPTURE_AUTORELEASING = YES;
				CLANG_WARN_BOOL_CONVERSION = YES;
				CLANG_WARN_COMMA = YES;
				CLANG_WARN_CONSTANT_CONVERSION = YES;
				CLANG_WARN_DEPRECATED_OBJC_IMPLEMENTATIONS = YES;
				CLANG_WARN_DIRECT_OBJC_ISA_USAGE = YES_ERROR;
				CLANG_WARN_DOCUMENTATION_COMMENTS = YES;
				CLANG_WARN_EMPTY_BODY = YES;
				CLANG_WARN_ENUM_CONVERSION = YES;
				CLANG_WARN_INFINITE_RECURSION = YES;
				CLANG_WARN_INT_CONVERSION = YES;
				CLANG_WARN_NON_LITERAL_NULL_CONVERSION = YES;
				CLANG_WARN_OBJC_IMPLICIT_RETAIN_SELF = YES;
				CLANG_WARN_OBJC_LITERAL_CONVERSION = YES;
				CLANG_WARN_OBJC_ROOT_CLASS = YES_ERROR;
				CLANG_WARN_QUOTED_INCLUDE_IN_FRAMEWORK_HEADER = YES;
				CLANG_WARN_RANGE_LOOP_ANALYSIS = YES;
				CLANG_WARN_STRICT_PROTOTYPES = YES;
				CLANG_WARN_SUSPICIOUS_MOVE = YES;
				CLANG_WARN_UNGUARDED_AVAILABILITY = YES_AGGRESSIVE;
				CLANG_WARN_UNREACHABLE_CODE = YES;
				CLANG_WARN__DUPLICATE_METHOD_MATCH = YES;
				COPY_PHASE_STRIP = NO;
				DEBUG_INFORMATION_FORMAT = dwarf;
				ENABLE_STRICT_OBJC_MSGSEND = YES;
				ENABLE_TESTABILITY = YES;
				GCC_C_LANGUAGE_STANDARD = gnu11;
				GCC_DYNAMIC_NO_PIC = NO;
				GCC_NO_COMMON_BLOCKS = YES;
				GCC_OPTIMIZATION_LEVEL = 0;
				GCC_PREPROCESSOR_DEFINITIONS = (
					"DEBUG=1",
					"$(inherited)",
				);
				GCC_WARN_64_TO_32_BIT_CONVERSION = YES;
				GCC_WARN_ABOUT_RETURN_TYPE = YES_ERROR;
				GCC_WARN_UNDECLARED_SELECTOR = YES;
				GCC_WARN_UNINITIALIZED_AUTOS = YES_AGGRESSIVE;
				GCC_WARN_UNUSED_FUNCTION = YES;
				GCC_WARN_UNUSED_VARIABLE = YES;
				IPHONEOS_DEPLOYMENT_TARGET = 16.1;
				MTL_ENABLE_DEBUG_INFO = INCLUDE_SOURCE;
				MTL_FAST_MATH = YES;
				ONLY_ACTIVE_ARCH = YES;
				SDKROOT = iphoneos;
				SWIFT_ACTIVE_COMPILATION_CONDITIONS = DEBUG;
				SWIFT_OPTIMIZATION_LEVEL = "-Onone";
			};
			name = Debug;
		};
		45A0FBC329194AA500F4F0F9 /* Release */ = {
			isa = XCBuildConfiguration;
			buildSettings = {
				ALWAYS_SEARCH_USER_PATHS = NO;
				CLANG_ANALYZER_NONNULL = YES;
				CLANG_ANALYZER_NUMBER_OBJECT_CONVERSION = YES_AGGRESSIVE;
				CLANG_CXX_LANGUAGE_STANDARD = "gnu++20";
				CLANG_ENABLE_MODULES = YES;
				CLANG_ENABLE_OBJC_ARC = YES;
				CLANG_ENABLE_OBJC_WEAK = YES;
				CLANG_WARN_BLOCK_CAPTURE_AUTORELEASING = YES;
				CLANG_WARN_BOOL_CONVERSION = YES;
				CLANG_WARN_COMMA = YES;
				CLANG_WARN_CONSTANT_CONVERSION = YES;
				CLANG_WARN_DEPRECATED_OBJC_IMPLEMENTATIONS = YES;
				CLANG_WARN_DIRECT_OBJC_ISA_USAGE = YES_ERROR;
				CLANG_WARN_DOCUMENTATION_COMMENTS = YES;
				CLANG_WARN_EMPTY_BODY = YES;
				CLANG_WARN_ENUM_CONVERSION = YES;
				CLANG_WARN_INFINITE_RECURSION = YES;
				CLANG_WARN_INT_CONVERSION = YES;
				CLANG_WARN_NON_LITERAL_NULL_CONVERSION = YES;
				CLANG_WARN_OBJC_IMPLICIT_RETAIN_SELF = YES;
				CLANG_WARN_OBJC_LITERAL_CONVERSION = YES;
				CLANG_WARN_OBJC_ROOT_CLASS = YES_ERROR;
				CLANG_WARN_QUOTED_INCLUDE_IN_FRAMEWORK_HEADER = YES;
				CLANG_WARN_RANGE_LOOP_ANALYSIS = YES;
				CLANG_WARN_STRICT_PROTOTYPES = YES;
				CLANG_WARN_SUSPICIOUS_MOVE = YES;
				CLANG_WARN_UNGUARDED_AVAILABILITY = YES_AGGRESSIVE;
				CLANG_WARN_UNREACHABLE_CODE = YES;
				CLANG_WARN__DUPLICATE_METHOD_MATCH = YES;
				COPY_PHASE_STRIP = NO;
				DEBUG_INFORMATION_FORMAT = "dwarf-with-dsym";
				ENABLE_NS_ASSERTIONS = NO;
				ENABLE_STRICT_OBJC_MSGSEND = YES;
				GCC_C_LANGUAGE_STANDARD = gnu11;
				GCC_NO_COMMON_BLOCKS = YES;
				GCC_WARN_64_TO_32_BIT_CONVERSION = YES;
				GCC_WARN_ABOUT_RETURN_TYPE = YES_ERROR;
				GCC_WARN_UNDECLARED_SELECTOR = YES;
				GCC_WARN_UNINITIALIZED_AUTOS = YES_AGGRESSIVE;
				GCC_WARN_UNUSED_FUNCTION = YES;
				GCC_WARN_UNUSED_VARIABLE = YES;
				IPHONEOS_DEPLOYMENT_TARGET = 16.1;
				MTL_ENABLE_DEBUG_INFO = NO;
				MTL_FAST_MATH = YES;
				SDKROOT = iphoneos;
				SWIFT_COMPILATION_MODE = wholemodule;
				SWIFT_OPTIMIZATION_LEVEL = "-O";
				VALIDATE_PRODUCT = YES;
			};
			name = Release;
		};
		45A0FBC529194AA500F4F0F9 /* Debug */ = {
			isa = XCBuildConfiguration;
			baseConfigurationReference = 9052752631749DD0B36A629D /* Pods-ParfotekaApp.debug.xcconfig */;
			buildSettings = {
				ASSETCATALOG_COMPILER_APPICON_NAME = AppIcon;
				ASSETCATALOG_COMPILER_GLOBAL_ACCENT_COLOR_NAME = AccentColor;
				CODE_SIGN_STYLE = Automatic;
				CURRENT_PROJECT_VERSION = 1;
				DEVELOPMENT_TEAM = A2HZ7HU25K;
				GENERATE_INFOPLIST_FILE = YES;
				INFOPLIST_FILE = ParfotekaApp/Info.plist;
				INFOPLIST_KEY_UIApplicationSupportsIndirectInputEvents = YES;
				INFOPLIST_KEY_UILaunchStoryboardName = LaunchScreen;
				INFOPLIST_KEY_UIMainStoryboardFile = Main;
				INFOPLIST_KEY_UISupportedInterfaceOrientations_iPad = "UIInterfaceOrientationPortrait UIInterfaceOrientationPortraitUpsideDown UIInterfaceOrientationLandscapeLeft UIInterfaceOrientationLandscapeRight";
				INFOPLIST_KEY_UISupportedInterfaceOrientations_iPhone = "UIInterfaceOrientationPortrait UIInterfaceOrientationLandscapeLeft UIInterfaceOrientationLandscapeRight";
				LD_RUNPATH_SEARCH_PATHS = (
					"$(inherited)",
					"@executable_path/Frameworks",
				);
				MARKETING_VERSION = 1.0;
				PRODUCT_BUNDLE_IDENTIFIER = tms.ParfotekaApp;
				PRODUCT_NAME = "$(TARGET_NAME)";
				SWIFT_EMIT_LOC_STRINGS = YES;
				SWIFT_VERSION = 5.0;
				TARGETED_DEVICE_FAMILY = "1,2";
			};
			name = Debug;
		};
		45A0FBC629194AA500F4F0F9 /* Release */ = {
			isa = XCBuildConfiguration;
			baseConfigurationReference = 11D7F2AA2B9FF51640E0D310 /* Pods-ParfotekaApp.release.xcconfig */;
			buildSettings = {
				ASSETCATALOG_COMPILER_APPICON_NAME = AppIcon;
				ASSETCATALOG_COMPILER_GLOBAL_ACCENT_COLOR_NAME = AccentColor;
				CODE_SIGN_STYLE = Automatic;
				CURRENT_PROJECT_VERSION = 1;
				DEVELOPMENT_TEAM = A2HZ7HU25K;
				GENERATE_INFOPLIST_FILE = YES;
				INFOPLIST_FILE = ParfotekaApp/Info.plist;
				INFOPLIST_KEY_UIApplicationSupportsIndirectInputEvents = YES;
				INFOPLIST_KEY_UILaunchStoryboardName = LaunchScreen;
				INFOPLIST_KEY_UIMainStoryboardFile = Main;
				INFOPLIST_KEY_UISupportedInterfaceOrientations_iPad = "UIInterfaceOrientationPortrait UIInterfaceOrientationPortraitUpsideDown UIInterfaceOrientationLandscapeLeft UIInterfaceOrientationLandscapeRight";
				INFOPLIST_KEY_UISupportedInterfaceOrientations_iPhone = "UIInterfaceOrientationPortrait UIInterfaceOrientationLandscapeLeft UIInterfaceOrientationLandscapeRight";
				LD_RUNPATH_SEARCH_PATHS = (
					"$(inherited)",
					"@executable_path/Frameworks",
				);
				MARKETING_VERSION = 1.0;
				PRODUCT_BUNDLE_IDENTIFIER = tms.ParfotekaApp;
				PRODUCT_NAME = "$(TARGET_NAME)";
				SWIFT_EMIT_LOC_STRINGS = YES;
				SWIFT_VERSION = 5.0;
				TARGETED_DEVICE_FAMILY = "1,2";
			};
			name = Release;
		};
/* End XCBuildConfiguration section */

/* Begin XCConfigurationList section */
		45A0FBAB29194AA400F4F0F9 /* Build configuration list for PBXProject "ParfotekaApp" */ = {
			isa = XCConfigurationList;
			buildConfigurations = (
				45A0FBC229194AA500F4F0F9 /* Debug */,
				45A0FBC329194AA500F4F0F9 /* Release */,
			);
			defaultConfigurationIsVisible = 0;
			defaultConfigurationName = Release;
		};
		45A0FBC429194AA500F4F0F9 /* Build configuration list for PBXNativeTarget "ParfotekaApp" */ = {
			isa = XCConfigurationList;
			buildConfigurations = (
				45A0FBC529194AA500F4F0F9 /* Debug */,
				45A0FBC629194AA500F4F0F9 /* Release */,
			);
			defaultConfigurationIsVisible = 0;
			defaultConfigurationName = Release;
		};
/* End XCConfigurationList section */
	};
	rootObject = 45A0FBA829194AA400F4F0F9 /* Project object */;
}
